
Microsoft Visual Studio Solution File, Format Version 12.00
# Visual Studio Version 17
VisualStudioVersion = 17.0.32014.148
MinimumVisualStudioVersion = 10.0.40219.1
Project("{8BC9CEB8-8B4A-11D0-8D11-00A0C91BC942}") = "Task51", "Task51\Task51.vcxproj", "{B329BEC1-3F17-4BE2-98A2-A67C105C3C7D}"
EndProject
Project("{8BC9CEB8-8B4A-11D0-8D11-00A0C91BC942}") = "Task52", "Task52\Task52.vcxproj", "{E336E0C3-2E2F-437D-BFC6-9E12D8D15338}"
EndProject
Project("{8BC9CEB8-8B4A-11D0-8D11-00A0C91BC942}") = "Task53", "Task53\Task53.vcxproj", "{2708F760-1691-4808-9A9E-300D53DDCF24}"
EndProject
Global
	GlobalSection(SolutionConfigurationPlatforms) = preSolution
		Debug|x64 = Debug|x64
		Debug|x86 = Debug|x86
		Release|x64 = Release|x64
		Release|x86 = Release|x86
	EndGlobalSection
	GlobalSection(ProjectConfigurationPlatforms) = postSolution
		{B329BEC1-3F17-4BE2-98A2-A67C105C3C7D}.Debug|x64.ActiveCfg = Debug|x64
		{B329BEC1-3F17-4BE2-98A2-A67C105C3C7D}.Debug|x64.Build.0 = Debug|x64
		{B329BEC1-3F17-4BE2-98A2-A67C105C3C7D}.Debug|x86.ActiveCfg = Debug|Win32
		{B329BEC1-3F17-4BE2-98A2-A67C105C3C7D}.Debug|x86.Build.0 = Debug|Win32
		{B329BEC1-3F17-4BE2-98A2-A67C105C3C7D}.Release|x64.ActiveCfg = Release|x64
		{B329BEC1-3F17-4BE2-98A2-A67C105C3C7D}.Release|x64.Build.0 = Release|x64
		{B329BEC1-3F17-4BE2-98A2-A67C105C3C7D}.Release|x86.ActiveCfg = Release|Win32
		{B329BEC1-3F17-4BE2-98A2-A67C105C3C7D}.Release|x86.Build.0 = Release|Win32
		{E336E0C3-2E2F-437D-BFC6-9E12D8D15338}.Debug|x64.ActiveCfg = Debug|x64
		{E336E0C3-2E2F-437D-BFC6-9E12D8D15338}.Debug|x64.Build.0 = Debug|x64
		{E336E0C3-2E2F-437D-BFC6-9E12D8D15338}.Debug|x86.ActiveCfg = Debug|Win32
		{E336E0C3-2E2F-437D-BFC6-9E12D8D15338}.Debug|x86.Build.0 = Debug|Win32
		{E336E0C3-2E2F-437D-BFC6-9E12D8D15338}.Release|x64.ActiveCfg = Release|x64
		{E336E0C3-2E2F-437D-BFC6-9E12D8D15338}.Release|x64.Build.0 = Release|x64
		{E336E0C3-2E2F-437D-BFC6-9E12D8D15338}.Release|x86.ActiveCfg = Release|Win32
		{E336E0C3-2E2F-437D-BFC6-9E12D8D15338}.Release|x86.Build.0 = Release|Win32
		{2708F760-1691-4808-9A9E-300D53DDCF24}.Debug|x64.ActiveCfg = Debug|x64
		{2708F760-1691-4808-9A9E-300D53DDCF24}.Debug|x64.Build.0 = Debug|x64
		{2708F760-1691-4808-9A9E-300D53DDCF24}.Debug|x86.ActiveCfg = Debug|Win32
		{2708F760-1691-4808-9A9E-300D53DDCF24}.Debug|x86.Build.0 = Debug|Win32
		{2708F760-1691-4808-9A9E-300D53DDCF24}.Release|x64.ActiveCfg = Release|x64
		{2708F760-1691-4808-9A9E-300D53DDCF24}.Release|x64.Build.0 = Release|x64
		{2708F760-1691-4808-9A9E-300D53DDCF24}.Release|x86.ActiveCfg = Release|Win32
		{2708F760-1691-4808-9A9E-300D53DDCF24}.Release|x86.Build.0 = Release|Win32
	EndGlobalSection
	GlobalSection(SolutionProperties) = preSolution
		HideSolutionNode = FALSE
	EndGlobalSection
	GlobalSection(ExtensibilityGlobals) = postSolution
		SolutionGuid = {432DA9BA-476F-41F6-B3D1-638FDD0FDDD9}
	EndGlobalSection
EndGlobal
